// !$*UTF8*$!
{
	archiveVersion = 1;
	classes = {
	};
	objectVersion = 46;
	objects = {

/* Begin PBXBuildFile section */
		5C2D93A01DF3906100EA98C7 /* TitleViewController.swift in Sources */ = {isa = PBXBuildFile; fileRef = 5C2D939F1DF3906100EA98C7 /* TitleViewController.swift */; };
		5C2D93A21DF3907100EA98C7 /* ScoreboardViewController.swift in Sources */ = {isa = PBXBuildFile; fileRef = 5C2D93A11DF3907100EA98C7 /* ScoreboardViewController.swift */; };
		5C2D93A81DF94F0900EA98C7 /* clear.ogg in Resources */ = {isa = PBXBuildFile; fileRef = 5C2D93A61DF94EBB00EA98C7 /* clear.ogg */; };
		5C2D93A91DF94F0C00EA98C7 /* hit.ogg in Resources */ = {isa = PBXBuildFile; fileRef = 5C2D93A71DF94EBB00EA98C7 /* hit.ogg */; };
		6914E1AB1DF64D6000AEFB9F /* CountdownLabel.swift in Sources */ = {isa = PBXBuildFile; fileRef = 6914E1AA1DF64D6000AEFB9F /* CountdownLabel.swift */; };
		6914E1AD1DF64D6D00AEFB9F /* ScoreLabel.swift in Sources */ = {isa = PBXBuildFile; fileRef = 6914E1AC1DF64D6D00AEFB9F /* ScoreLabel.swift */; };
		6D74D1CC1DF37CC200BE8692 /* AppDelegate.swift in Sources */ = {isa = PBXBuildFile; fileRef = 6D74D1CB1DF37CC200BE8692 /* AppDelegate.swift */; };
		6D74D1CE1DF37CC200BE8692 /* GameScene.sks in Resources */ = {isa = PBXBuildFile; fileRef = 6D74D1CD1DF37CC200BE8692 /* GameScene.sks */; };
		6D74D1D01DF37CC200BE8692 /* Actions.sks in Resources */ = {isa = PBXBuildFile; fileRef = 6D74D1CF1DF37CC200BE8692 /* Actions.sks */; };
		6D74D1D21DF37CC200BE8692 /* GameScene.swift in Sources */ = {isa = PBXBuildFile; fileRef = 6D74D1D11DF37CC200BE8692 /* GameScene.swift */; };
		6D74D1D41DF37CC200BE8692 /* GameViewController.swift in Sources */ = {isa = PBXBuildFile; fileRef = 6D74D1D31DF37CC200BE8692 /* GameViewController.swift */; };
		6D74D1D71DF37CC200BE8692 /* Main.storyboard in Resources */ = {isa = PBXBuildFile; fileRef = 6D74D1D51DF37CC200BE8692 /* Main.storyboard */; };
		6D74D1D91DF37CC200BE8692 /* Assets.xcassets in Resources */ = {isa = PBXBuildFile; fileRef = 6D74D1D81DF37CC200BE8692 /* Assets.xcassets */; };
		6D74D1DC1DF37CC200BE8692 /* LaunchScreen.storyboard in Resources */ = {isa = PBXBuildFile; fileRef = 6D74D1DA1DF37CC200BE8692 /* LaunchScreen.storyboard */; };
		6D74D1E71DF37CC200BE8692 /* puckTests.swift in Sources */ = {isa = PBXBuildFile; fileRef = 6D74D1E61DF37CC200BE8692 /* puckTests.swift */; };
		6D74D1F21DF37CC200BE8692 /* puckUITests.swift in Sources */ = {isa = PBXBuildFile; fileRef = 6D74D1F11DF37CC200BE8692 /* puckUITests.swift */; };
/* End PBXBuildFile section */

/* Begin PBXContainerItemProxy section */
		6D74D1E31DF37CC200BE8692 /* PBXContainerItemProxy */ = {
			isa = PBXContainerItemProxy;
			containerPortal = 6D74D1C01DF37CC200BE8692 /* Project object */;
			proxyType = 1;
			remoteGlobalIDString = 6D74D1C71DF37CC200BE8692;
			remoteInfo = puck;
		};
		6D74D1EE1DF37CC200BE8692 /* PBXContainerItemProxy */ = {
			isa = PBXContainerItemProxy;
			containerPortal = 6D74D1C01DF37CC200BE8692 /* Project object */;
			proxyType = 1;
			remoteGlobalIDString = 6D74D1C71DF37CC200BE8692;
			remoteInfo = puck;
		};
/* End PBXContainerItemProxy section */

/* Begin PBXFileReference section */
		5C2D939F1DF3906100EA98C7 /* TitleViewController.swift */ = {isa = PBXFileReference; fileEncoding = 4; lastKnownFileType = sourcecode.swift; path = TitleViewController.swift; sourceTree = "<group>"; };
		5C2D93A11DF3907100EA98C7 /* ScoreboardViewController.swift */ = {isa = PBXFileReference; fileEncoding = 4; lastKnownFileType = sourcecode.swift; path = ScoreboardViewController.swift; sourceTree = "<group>"; };
		5C2D93A61DF94EBB00EA98C7 /* clear.ogg */ = {isa = PBXFileReference; lastKnownFileType = file; path = clear.ogg; sourceTree = "<group>"; };
		5C2D93A71DF94EBB00EA98C7 /* hit.ogg */ = {isa = PBXFileReference; lastKnownFileType = file; path = hit.ogg; sourceTree = "<group>"; };
		6914E1AA1DF64D6000AEFB9F /* CountdownLabel.swift */ = {isa = PBXFileReference; fileEncoding = 4; lastKnownFileType = sourcecode.swift; path = CountdownLabel.swift; sourceTree = "<group>"; };
		6914E1AC1DF64D6D00AEFB9F /* ScoreLabel.swift */ = {isa = PBXFileReference; fileEncoding = 4; lastKnownFileType = sourcecode.swift; path = ScoreLabel.swift; sourceTree = "<group>"; };
		6D74D1C81DF37CC200BE8692 /* puck.app */ = {isa = PBXFileReference; explicitFileType = wrapper.application; includeInIndex = 0; path = puck.app; sourceTree = BUILT_PRODUCTS_DIR; };
		6D74D1CB1DF37CC200BE8692 /* AppDelegate.swift */ = {isa = PBXFileReference; lastKnownFileType = sourcecode.swift; path = AppDelegate.swift; sourceTree = "<group>"; };
		6D74D1CD1DF37CC200BE8692 /* GameScene.sks */ = {isa = PBXFileReference; lastKnownFileType = file.sks; path = GameScene.sks; sourceTree = "<group>"; };
		6D74D1CF1DF37CC200BE8692 /* Actions.sks */ = {isa = PBXFileReference; lastKnownFileType = file.sks; path = Actions.sks; sourceTree = "<group>"; };
		6D74D1D11DF37CC200BE8692 /* GameScene.swift */ = {isa = PBXFileReference; lastKnownFileType = sourcecode.swift; path = GameScene.swift; sourceTree = "<group>"; };
		6D74D1D31DF37CC200BE8692 /* GameViewController.swift */ = {isa = PBXFileReference; lastKnownFileType = sourcecode.swift; path = GameViewController.swift; sourceTree = "<group>"; };
		6D74D1D61DF37CC200BE8692 /* Base */ = {isa = PBXFileReference; lastKnownFileType = file.storyboard; name = Base; path = Base.lproj/Main.storyboard; sourceTree = "<group>"; };
		6D74D1D81DF37CC200BE8692 /* Assets.xcassets */ = {isa = PBXFileReference; lastKnownFileType = folder.assetcatalog; path = Assets.xcassets; sourceTree = "<group>"; };
		6D74D1DB1DF37CC200BE8692 /* Base */ = {isa = PBXFileReference; lastKnownFileType = file.storyboard; name = Base; path = Base.lproj/LaunchScreen.storyboard; sourceTree = "<group>"; };
		6D74D1DD1DF37CC200BE8692 /* Info.plist */ = {isa = PBXFileReference; lastKnownFileType = text.plist.xml; path = Info.plist; sourceTree = "<group>"; };
		6D74D1E21DF37CC200BE8692 /* puckTests.xctest */ = {isa = PBXFileReference; explicitFileType = wrapper.cfbundle; includeInIndex = 0; path = puckTests.xctest; sourceTree = BUILT_PRODUCTS_DIR; };
		6D74D1E61DF37CC200BE8692 /* puckTests.swift */ = {isa = PBXFileReference; lastKnownFileType = sourcecode.swift; path = puckTests.swift; sourceTree = "<group>"; };
		6D74D1E81DF37CC200BE8692 /* Info.plist */ = {isa = PBXFileReference; lastKnownFileType = text.plist.xml; path = Info.plist; sourceTree = "<group>"; };
		6D74D1ED1DF37CC200BE8692 /* puckUITests.xctest */ = {isa = PBXFileReference; explicitFileType = wrapper.cfbundle; includeInIndex = 0; path = puckUITests.xctest; sourceTree = BUILT_PRODUCTS_DIR; };
		6D74D1F11DF37CC200BE8692 /* puckUITests.swift */ = {isa = PBXFileReference; lastKnownFileType = sourcecode.swift; path = puckUITests.swift; sourceTree = "<group>"; };
		6D74D1F31DF37CC200BE8692 /* Info.plist */ = {isa = PBXFileReference; lastKnownFileType = text.plist.xml; path = Info.plist; sourceTree = "<group>"; };
/* End PBXFileReference section */

/* Begin PBXFrameworksBuildPhase section */
		6D74D1C51DF37CC200BE8692 /* Frameworks */ = {
			isa = PBXFrameworksBuildPhase;
			buildActionMask = 2147483647;
			files = (
			);
			runOnlyForDeploymentPostprocessing = 0;
		};
		6D74D1DF1DF37CC200BE8692 /* Frameworks */ = {
			isa = PBXFrameworksBuildPhase;
			buildActionMask = 2147483647;
			files = (
			);
			runOnlyForDeploymentPostprocessing = 0;
		};
		6D74D1EA1DF37CC200BE8692 /* Frameworks */ = {
			isa = PBXFrameworksBuildPhase;
			buildActionMask = 2147483647;
			files = (
			);
			runOnlyForDeploymentPostprocessing = 0;
		};
/* End PBXFrameworksBuildPhase section */

/* Begin PBXGroup section */
		5C2D93A51DF94E5C00EA98C7 /* sound */ = {
			isa = PBXGroup;
			children = (
				5C2D93A61DF94EBB00EA98C7 /* clear.ogg */,
				5C2D93A71DF94EBB00EA98C7 /* hit.ogg */,
			);
			name = sound;
			sourceTree = "<group>";
		};
		6D74D1BF1DF37CC200BE8692 = {
			isa = PBXGroup;
			children = (
				6D74D1CA1DF37CC200BE8692 /* puck */,
				5C2D93A51DF94E5C00EA98C7 /* sound */,
				6D74D1E51DF37CC200BE8692 /* puckTests */,
				6D74D1F01DF37CC200BE8692 /* puckUITests */,
				6D74D1C91DF37CC200BE8692 /* Products */,
			);
			sourceTree = "<group>";
		};
		6D74D1C91DF37CC200BE8692 /* Products */ = {
			isa = PBXGroup;
			children = (
				6D74D1C81DF37CC200BE8692 /* puck.app */,
				6D74D1E21DF37CC200BE8692 /* puckTests.xctest */,
				6D74D1ED1DF37CC200BE8692 /* puckUITests.xctest */,
			);
			name = Products;
			sourceTree = "<group>";
		};
		6D74D1CA1DF37CC200BE8692 /* puck */ = {
			isa = PBXGroup;
			children = (
				6914E1AC1DF64D6D00AEFB9F /* ScoreLabel.swift */,
				6914E1AA1DF64D6000AEFB9F /* CountdownLabel.swift */,
				6D74D1CB1DF37CC200BE8692 /* AppDelegate.swift */,
				6D74D1CD1DF37CC200BE8692 /* GameScene.sks */,
				6D74D1CF1DF37CC200BE8692 /* Actions.sks */,
				6D74D1D11DF37CC200BE8692 /* GameScene.swift */,
				6D74D1D31DF37CC200BE8692 /* GameViewController.swift */,
				6D74D1D51DF37CC200BE8692 /* Main.storyboard */,
				5C2D939F1DF3906100EA98C7 /* TitleViewController.swift */,
				5C2D93A11DF3907100EA98C7 /* ScoreboardViewController.swift */,
				6D74D1D81DF37CC200BE8692 /* Assets.xcassets */,
				6D74D1DA1DF37CC200BE8692 /* LaunchScreen.storyboard */,
				6D74D1DD1DF37CC200BE8692 /* Info.plist */,
			);
			path = puck;
			sourceTree = "<group>";
		};
		6D74D1E51DF37CC200BE8692 /* puckTests */ = {
			isa = PBXGroup;
			children = (
				6D74D1E61DF37CC200BE8692 /* puckTests.swift */,
				6D74D1E81DF37CC200BE8692 /* Info.plist */,
			);
			path = puckTests;
			sourceTree = "<group>";
		};
		6D74D1F01DF37CC200BE8692 /* puckUITests */ = {
			isa = PBXGroup;
			children = (
				6D74D1F11DF37CC200BE8692 /* puckUITests.swift */,
				6D74D1F31DF37CC200BE8692 /* Info.plist */,
			);
			path = puckUITests;
			sourceTree = "<group>";
		};
/* End PBXGroup section */

/* Begin PBXNativeTarget section */
		6D74D1C71DF37CC200BE8692 /* puck */ = {
			isa = PBXNativeTarget;
			buildConfigurationList = 6D74D1F61DF37CC200BE8692 /* Build configuration list for PBXNativeTarget "puck" */;
			buildPhases = (
				6D74D1C41DF37CC200BE8692 /* Sources */,
				6D74D1C51DF37CC200BE8692 /* Frameworks */,
				6D74D1C61DF37CC200BE8692 /* Resources */,
			);
			buildRules = (
			);
			dependencies = (
			);
			name = puck;
			productName = puck;
			productReference = 6D74D1C81DF37CC200BE8692 /* puck.app */;
			productType = "com.apple.product-type.application";
		};
		6D74D1E11DF37CC200BE8692 /* puckTests */ = {
			isa = PBXNativeTarget;
			buildConfigurationList = 6D74D1F91DF37CC200BE8692 /* Build configuration list for PBXNativeTarget "puckTests" */;
			buildPhases = (
				6D74D1DE1DF37CC200BE8692 /* Sources */,
				6D74D1DF1DF37CC200BE8692 /* Frameworks */,
				6D74D1E01DF37CC200BE8692 /* Resources */,
			);
			buildRules = (
			);
			dependencies = (
				6D74D1E41DF37CC200BE8692 /* PBXTargetDependency */,
			);
			name = puckTests;
			productName = puckTests;
			productReference = 6D74D1E21DF37CC200BE8692 /* puckTests.xctest */;
			productType = "com.apple.product-type.bundle.unit-test";
		};
		6D74D1EC1DF37CC200BE8692 /* puckUITests */ = {
			isa = PBXNativeTarget;
			buildConfigurationList = 6D74D1FC1DF37CC200BE8692 /* Build configuration list for PBXNativeTarget "puckUITests" */;
			buildPhases = (
				6D74D1E91DF37CC200BE8692 /* Sources */,
				6D74D1EA1DF37CC200BE8692 /* Frameworks */,
				6D74D1EB1DF37CC200BE8692 /* Resources */,
			);
			buildRules = (
			);
			dependencies = (
				6D74D1EF1DF37CC200BE8692 /* PBXTargetDependency */,
			);
			name = puckUITests;
			productName = puckUITests;
			productReference = 6D74D1ED1DF37CC200BE8692 /* puckUITests.xctest */;
			productType = "com.apple.product-type.bundle.ui-testing";
		};
/* End PBXNativeTarget section */

/* Begin PBXProject section */
		6D74D1C01DF37CC200BE8692 /* Project object */ = {
			isa = PBXProject;
			attributes = {
				LastSwiftUpdateCheck = 0810;
				LastUpgradeCheck = 0810;
				ORGANIZATIONNAME = KELLYTRINH;
				TargetAttributes = {
					6D74D1C71DF37CC200BE8692 = {
						CreatedOnToolsVersion = 8.1;
						ProvisioningStyle = Automatic;
					};
					6D74D1E11DF37CC200BE8692 = {
						CreatedOnToolsVersion = 8.1;
						ProvisioningStyle = Automatic;
						TestTargetID = 6D74D1C71DF37CC200BE8692;
					};
					6D74D1EC1DF37CC200BE8692 = {
						CreatedOnToolsVersion = 8.1;
						ProvisioningStyle = Automatic;
						TestTargetID = 6D74D1C71DF37CC200BE8692;
					};
				};
			};
			buildConfigurationList = 6D74D1C31DF37CC200BE8692 /* Build configuration list for PBXProject "puck" */;
			compatibilityVersion = "Xcode 3.2";
			developmentRegion = English;
			hasScannedForEncodings = 0;
			knownRegions = (
				en,
				Base,
			);
			mainGroup = 6D74D1BF1DF37CC200BE8692;
			productRefGroup = 6D74D1C91DF37CC200BE8692 /* Products */;
			projectDirPath = "";
			projectRoot = "";
			targets = (
				6D74D1C71DF37CC200BE8692 /* puck */,
				6D74D1E11DF37CC200BE8692 /* puckTests */,
				6D74D1EC1DF37CC200BE8692 /* puckUITests */,
			);
		};
/* End PBXProject section */

/* Begin PBXResourcesBuildPhase section */
		6D74D1C61DF37CC200BE8692 /* Resources */ = {
			isa = PBXResourcesBuildPhase;
			buildActionMask = 2147483647;
			files = (
				6D74D1D71DF37CC200BE8692 /* Main.storyboard in Resources */,
				6D74D1CE1DF37CC200BE8692 /* GameScene.sks in Resources */,
				6D74D1D91DF37CC200BE8692 /* Assets.xcassets in Resources */,
				5C2D93A91DF94F0C00EA98C7 /* hit.ogg in Resources */,
				5C2D93A81DF94F0900EA98C7 /* clear.ogg in Resources */,
				6D74D1DC1DF37CC200BE8692 /* LaunchScreen.storyboard in Resources */,
				6D74D1D01DF37CC200BE8692 /* Actions.sks in Resources */,
			);
			runOnlyForDeploymentPostprocessing = 0;
		};
		6D74D1E01DF37CC200BE8692 /* Resources */ = {
			isa = PBXResourcesBuildPhase;
			buildActionMask = 2147483647;
			files = (
			);
			runOnlyForDeploymentPostprocessing = 0;
		};
		6D74D1EB1DF37CC200BE8692 /* Resources */ = {
			isa = PBXResourcesBuildPhase;
			buildActionMask = 2147483647;
			files = (
			);
			runOnlyForDeploymentPostprocessing = 0;
		};
/* End PBXResourcesBuildPhase section */

/* Begin PBXSourcesBuildPhase section */
		6D74D1C41DF37CC200BE8692 /* Sources */ = {
			isa = PBXSourcesBuildPhase;
			buildActionMask = 2147483647;
			files = (
				6D74D1D21DF37CC200BE8692 /* GameScene.swift in Sources */,
				5C2D93A01DF3906100EA98C7 /* TitleViewController.swift in Sources */,
				6D74D1D41DF37CC200BE8692 /* GameViewController.swift in Sources */,
				6914E1AD1DF64D6D00AEFB9F /* ScoreLabel.swift in Sources */,
				6D74D1CC1DF37CC200BE8692 /* AppDelegate.swift in Sources */,
				6914E1AB1DF64D6000AEFB9F /* CountdownLabel.swift in Sources */,
				5C2D93A21DF3907100EA98C7 /* ScoreboardViewController.swift in Sources */,
			);
			runOnlyForDeploymentPostprocessing = 0;
		};
		6D74D1DE1DF37CC200BE8692 /* Sources */ = {
			isa = PBXSourcesBuildPhase;
			buildActionMask = 2147483647;
			files = (
				6D74D1E71DF37CC200BE8692 /* puckTests.swift in Sources */,
			);
			runOnlyForDeploymentPostprocessing = 0;
		};
		6D74D1E91DF37CC200BE8692 /* Sources */ = {
			isa = PBXSourcesBuildPhase;
			buildActionMask = 2147483647;
			files = (
				6D74D1F21DF37CC200BE8692 /* puckUITests.swift in Sources */,
			);
			runOnlyForDeploymentPostprocessing = 0;
		};
/* End PBXSourcesBuildPhase section */

/* Begin PBXTargetDependency section */
		6D74D1E41DF37CC200BE8692 /* PBXTargetDependency */ = {
			isa = PBXTargetDependency;
			target = 6D74D1C71DF37CC200BE8692 /* puck */;
			targetProxy = 6D74D1E31DF37CC200BE8692 /* PBXContainerItemProxy */;
		};
		6D74D1EF1DF37CC200BE8692 /* PBXTargetDependency */ = {
			isa = PBXTargetDependency;
			target = 6D74D1C71DF37CC200BE8692 /* puck */;
			targetProxy = 6D74D1EE1DF37CC200BE8692 /* PBXContainerItemProxy */;
		};
/* End PBXTargetDependency section */

/* Begin PBXVariantGroup section */
		6D74D1D51DF37CC200BE8692 /* Main.storyboard */ = {
			isa = PBXVariantGroup;
			children = (
				6D74D1D61DF37CC200BE8692 /* Base */,
			);
			name = Main.storyboard;
			sourceTree = "<group>";
		};
		6D74D1DA1DF37CC200BE8692 /* LaunchScreen.storyboard */ = {
			isa = PBXVariantGroup;
			children = (
				6D74D1DB1DF37CC200BE8692 /* Base */,
			);
			name = LaunchScreen.storyboard;
			sourceTree = "<group>";
		};
/* End PBXVariantGroup section */

/* Begin XCBuildConfiguration section */
		6D74D1F41DF37CC200BE8692 /* Debug */ = {
			isa = XCBuildConfiguration;
			buildSettings = {
				ALWAYS_SEARCH_USER_PATHS = NO;
				CLANG_ANALYZER_NONNULL = YES;
				CLANG_CXX_LANGUAGE_STANDARD = "gnu++0x";
				CLANG_CXX_LIBRARY = "libc++";
				CLANG_ENABLE_MODULES = YES;
				CLANG_ENABLE_OBJC_ARC = YES;
				CLANG_WARN_BOOL_CONVERSION = YES;
				CLANG_WARN_CONSTANT_CONVERSION = YES;
				CLANG_WARN_DIRECT_OBJC_ISA_USAGE = YES_ERROR;
				CLANG_WARN_DOCUMENTATION_COMMENTS = YES;
				CLANG_WARN_EMPTY_BODY = YES;
				CLANG_WARN_ENUM_CONVERSION = YES;
				CLANG_WARN_INFINITE_RECURSION = YES;
				CLANG_WARN_INT_CONVERSION = YES;
				CLANG_WARN_OBJC_ROOT_CLASS = YES_ERROR;
				CLANG_WARN_SUSPICIOUS_MOVES = YES;
				CLANG_WARN_UNREACHABLE_CODE = YES;
				CLANG_WARN__DUPLICATE_METHOD_MATCH = YES;
				"CODE_SIGN_IDENTITY[sdk=iphoneos*]" = "iPhone Developer";
				COPY_PHASE_STRIP = NO;
				DEBUG_INFORMATION_FORMAT = dwarf;
				ENABLE_STRICT_OBJC_MSGSEND = YES;
				ENABLE_TESTABILITY = YES;
				GCC_C_LANGUAGE_STANDARD = gnu99;
				GCC_DYNAMIC_NO_PIC = NO;
				GCC_NO_COMMON_BLOCKS = YES;
				GCC_OPTIMIZATION_LEVEL = 0;
				GCC_PREPROCESSOR_DEFINITIONS = (
					"DEBUG=1",
					"$(inherited)",
				);
				GCC_WARN_64_TO_32_BIT_CONVERSION = YES;
				GCC_WARN_ABOUT_RETURN_TYPE = YES_ERROR;
				GCC_WARN_UNDECLARED_SELECTOR = YES;
				GCC_WARN_UNINITIALIZED_AUTOS = YES_AGGRESSIVE;
				GCC_WARN_UNUSED_FUNCTION = YES;
				GCC_WARN_UNUSED_VARIABLE = YES;
				IPHONEOS_DEPLOYMENT_TARGET = 10.1;
				MTL_ENABLE_DEBUG_INFO = YES;
				ONLY_ACTIVE_ARCH = YES;
				SDKROOT = iphoneos;
				SWIFT_ACTIVE_COMPILATION_CONDITIONS = DEBUG;
				SWIFT_OPTIMIZATION_LEVEL = "-Onone";
				TARGETED_DEVICE_FAMILY = "1,2";
			};
			name = Debug;
		};
		6D74D1F51DF37CC200BE8692 /* Release */ = {
			isa = XCBuildConfiguration;
			buildSettings = {
				ALWAYS_SEARCH_USER_PATHS = NO;
				CLANG_ANALYZER_NONNULL = YES;
				CLANG_CXX_LANGUAGE_STANDARD = "gnu++0x";
				CLANG_CXX_LIBRARY = "libc++";
				CLANG_ENABLE_MODULES = YES;
				CLANG_ENABLE_OBJC_ARC = YES;
				CLANG_WARN_BOOL_CONVERSION = YES;
				CLANG_WARN_CONSTANT_CONVERSION = YES;
				CLANG_WARN_DIRECT_OBJC_ISA_USAGE = YES_ERROR;
				CLANG_WARN_DOCUMENTATION_COMMENTS = YES;
				CLANG_WARN_EMPTY_BODY = YES;
				CLANG_WARN_ENUM_CONVERSION = YES;
				CLANG_WARN_INFINITE_RECURSION = YES;
				CLANG_WARN_INT_CONVERSION = YES;
				CLANG_WARN_OBJC_ROOT_CLASS = YES_ERROR;
				CLANG_WARN_SUSPICIOUS_MOVES = YES;
				CLANG_WARN_UNREACHABLE_CODE = YES;
				CLANG_WARN__DUPLICATE_METHOD_MATCH = YES;
				"CODE_SIGN_IDENTITY[sdk=iphoneos*]" = "iPhone Developer";
				COPY_PHASE_STRIP = NO;
				DEBUG_INFORMATION_FORMAT = "dwarf-with-dsym";
				ENABLE_NS_ASSERTIONS = NO;
				ENABLE_STRICT_OBJC_MSGSEND = YES;
				GCC_C_LANGUAGE_STANDARD = gnu99;
				GCC_NO_COMMON_BLOCKS = YES;
				GCC_WARN_64_TO_32_BIT_CONVERSION = YES;
				GCC_WARN_ABOUT_RETURN_TYPE = YES_ERROR;
				GCC_WARN_UNDECLARED_SELECTOR = YES;
				GCC_WARN_UNINITIALIZED_AUTOS = YES_AGGRESSIVE;
				GCC_WARN_UNUSED_FUNCTION = YES;
				GCC_WARN_UNUSED_VARIABLE = YES;
				IPHONEOS_DEPLOYMENT_TARGET = 10.1;
				MTL_ENABLE_DEBUG_INFO = NO;
				SDKROOT = iphoneos;
				SWIFT_OPTIMIZATION_LEVEL = "-Owholemodule";
				TARGETED_DEVICE_FAMILY = "1,2";
				VALIDATE_PRODUCT = YES;
			};
			name = Release;
		};
		6D74D1F71DF37CC200BE8692 /* Debug */ = {
			isa = XCBuildConfiguration;
			buildSettings = {
				ASSETCATALOG_COMPILER_APPICON_NAME = AppIcon;
				INFOPLIST_FILE = puck/Info.plist;
				LD_RUNPATH_SEARCH_PATHS = "$(inherited) @executable_path/Frameworks";
				PRODUCT_BUNDLE_IDENTIFIER = iosdecal.puck;
				PRODUCT_NAME = "$(TARGET_NAME)";
				SWIFT_VERSION = 3.0;
			};
			name = Debug;
		};
		6D74D1F81DF37CC200BE8692 /* Release */ = {
			isa = XCBuildConfiguration;
			buildSettings = {
				ASSETCATALOG_COMPILER_APPICON_NAME = AppIcon;
				INFOPLIST_FILE = puck/Info.plist;
				LD_RUNPATH_SEARCH_PATHS = "$(inherited) @executable_path/Frameworks";
				PRODUCT_BUNDLE_IDENTIFIER = iosdecal.puck;
				PRODUCT_NAME = "$(TARGET_NAME)";
				SWIFT_VERSION = 3.0;
			};
			name = Release;
		};
		6D74D1FA1DF37CC200BE8692 /* Debug */ = {
			isa = XCBuildConfiguration;
			buildSettings = {
				ALWAYS_EMBED_SWIFT_STANDARD_LIBRARIES = YES;
				BUNDLE_LOADER = "$(TEST_HOST)";
				INFOPLIST_FILE = puckTests/Info.plist;
				LD_RUNPATH_SEARCH_PATHS = "$(inherited) @executable_path/Frameworks @loader_path/Frameworks";
				PRODUCT_BUNDLE_IDENTIFIER = iosdecal.puckTests;
				PRODUCT_NAME = "$(TARGET_NAME)";
				SWIFT_VERSION = 3.0;
				TEST_HOST = "$(BUILT_PRODUCTS_DIR)/puck.app/puck";
			};
			name = Debug;
		};
		6D74D1FB1DF37CC200BE8692 /* Release */ = {
			isa = XCBuildConfiguration;
			buildSettings = {
				ALWAYS_EMBED_SWIFT_STANDARD_LIBRARIES = YES;
				BUNDLE_LOADER = "$(TEST_HOST)";
				INFOPLIST_FILE = puckTests/Info.plist;
				LD_RUNPATH_SEARCH_PATHS = "$(inherited) @executable_path/Frameworks @loader_path/Frameworks";
				PRODUCT_BUNDLE_IDENTIFIER = iosdecal.puckTests;
				PRODUCT_NAME = "$(TARGET_NAME)";
				SWIFT_VERSION = 3.0;
				TEST_HOST = "$(BUILT_PRODUCTS_DIR)/puck.app/puck";
			};
			name = Release;
		};
		6D74D1FD1DF37CC200BE8692 /* Debug */ = {
			isa = XCBuildConfiguration;
			buildSettings = {
				ALWAYS_EMBED_SWIFT_STANDARD_LIBRARIES = YES;
				INFOPLIST_FILE = puckUITests/Info.plist;
				LD_RUNPATH_SEARCH_PATHS = "$(inherited) @executable_path/Frameworks @loader_path/Frameworks";
				PRODUCT_BUNDLE_IDENTIFIER = iosdecal.puckUITests;
				PRODUCT_NAME = "$(TARGET_NAME)";
				SWIFT_VERSION = 3.0;
				TEST_TARGET_NAME = puck;
			};
			name = Debug;
		};
		6D74D1FE1DF37CC200BE8692 /* Release */ = {
			isa = XCBuildConfiguration;
			buildSettings = {
				ALWAYS_EMBED_SWIFT_STANDARD_LIBRARIES = YES;
				INFOPLIST_FILE = puckUITests/Info.plist;
				LD_RUNPATH_SEARCH_PATHS = "$(inherited) @executable_path/Frameworks @loader_path/Frameworks";
				PRODUCT_BUNDLE_IDENTIFIER = iosdecal.puckUITests;
				PRODUCT_NAME = "$(TARGET_NAME)";
				SWIFT_VERSION = 3.0;
				TEST_TARGET_NAME = puck;
			};
			name = Release;
		};
/* End XCBuildConfiguration section */

/* Begin XCConfigurationList section */
		6D74D1C31DF37CC200BE8692 /* Build configuration list for PBXProject "puck" */ = {
			isa = XCConfigurationList;
			buildConfigurations = (
				6D74D1F41DF37CC200BE8692 /* Debug */,
				6D74D1F51DF37CC200BE8692 /* Release */,
			);
			defaultConfigurationIsVisible = 0;
			defaultConfigurationName = Release;
		};
		6D74D1F61DF37CC200BE8692 /* Build configuration list for PBXNativeTarget "puck" */ = {
			isa = XCConfigurationList;
			buildConfigurations = (
				6D74D1F71DF37CC200BE8692 /* Debug */,
				6D74D1F81DF37CC200BE8692 /* Release */,
			);
			defaultConfigurationIsVisible = 0;
			defaultConfigurationName = Release;
		};
		6D74D1F91DF37CC200BE8692 /* Build configuration list for PBXNativeTarget "puckTests" */ = {
			isa = XCConfigurationList;
			buildConfigurations = (
				6D74D1FA1DF37CC200BE8692 /* Debug */,
				6D74D1FB1DF37CC200BE8692 /* Release */,
			);
			defaultConfigurationIsVisible = 0;
			defaultConfigurationName = Release;
		};
		6D74D1FC1DF37CC200BE8692 /* Build configuration list for PBXNativeTarget "puckUITests" */ = {
			isa = XCConfigurationList;
			buildConfigurations = (
				6D74D1FD1DF37CC200BE8692 /* Debug */,
				6D74D1FE1DF37CC200BE8692 /* Release */,
			);
			defaultConfigurationIsVisible = 0;
			defaultConfigurationName = Release;
		};
/* End XCConfigurationList section */
	};
	rootObject = 6D74D1C01DF37CC200BE8692 /* Project object */;
}
